// !$*UTF8*$!
{
	archiveVersion = 1;
	classes = {
	};
	objectVersion = 56;
	objects = {

/* Begin PBXBuildFile section */
		DB0756F1290094F40001A85F /* SpriteCollectionViewController.swift in Sources */ = {isa = PBXBuildFile; fileRef = DB0756F0290094F40001A85F /* SpriteCollectionViewController.swift */; };
		DB0756F329009CA00001A85F /* SpriteCollectionViewCell.swift in Sources */ = {isa = PBXBuildFile; fileRef = DB0756F229009CA00001A85F /* SpriteCollectionViewCell.swift */; };
		DB84195E2911C08F005E2F9A /* Pokedex.xcdatamodeld in Sources */ = {isa = PBXBuildFile; fileRef = DB84195C2911C08F005E2F9A /* Pokedex.xcdatamodeld */; };
		DB8419662911D710005E2F9A /* PersistentContainer+Extensions.swift in Sources */ = {isa = PBXBuildFile; fileRef = DB8419652911D710005E2F9A /* PersistentContainer+Extensions.swift */; };
		DBEC473828ECD8E2000732AE /* AppDelegate.swift in Sources */ = {isa = PBXBuildFile; fileRef = DBEC473728ECD8E2000732AE /* AppDelegate.swift */; };
		DBEC473A28ECD8E2000732AE /* SceneDelegate.swift in Sources */ = {isa = PBXBuildFile; fileRef = DBEC473928ECD8E2000732AE /* SceneDelegate.swift */; };
		DBEC473F28ECD8E2000732AE /* Main.storyboard in Resources */ = {isa = PBXBuildFile; fileRef = DBEC473D28ECD8E2000732AE /* Main.storyboard */; };
		DBEC474128ECD8E3000732AE /* Assets.xcassets in Resources */ = {isa = PBXBuildFile; fileRef = DBEC474028ECD8E3000732AE /* Assets.xcassets */; };
		DBEC474428ECD8E3000732AE /* LaunchScreen.storyboard in Resources */ = {isa = PBXBuildFile; fileRef = DBEC474228ECD8E3000732AE /* LaunchScreen.storyboard */; };
		DBEC474C28ECD9F6000732AE /* PokedexTableViewController.swift in Sources */ = {isa = PBXBuildFile; fileRef = DBEC474B28ECD9F6000732AE /* PokedexTableViewController.swift */; };
		DBEC474E28ECDA58000732AE /* Pokemon.swift in Sources */ = {isa = PBXBuildFile; fileRef = DBEC474D28ECDA58000732AE /* Pokemon.swift */; };
		DBEC475028ECDC8C000732AE /* PokeAPI_Helper.swift in Sources */ = {isa = PBXBuildFile; fileRef = DBEC474F28ECDC8C000732AE /* PokeAPI_Helper.swift */; };
		DBEC477628F60C03000732AE /* PokemonTableViewCell.swift in Sources */ = {isa = PBXBuildFile; fileRef = DBEC477528F60C03000732AE /* PokemonTableViewCell.swift */; };
		DBEC477828F61F15000732AE /* PokemonDetailedViewController.swift in Sources */ = {isa = PBXBuildFile; fileRef = DBEC477728F61F15000732AE /* PokemonDetailedViewController.swift */; };
/* End PBXBuildFile section */

/* Begin PBXFileReference section */
		DB0756F0290094F40001A85F /* SpriteCollectionViewController.swift */ = {isa = PBXFileReference; lastKnownFileType = sourcecode.swift; path = SpriteCollectionViewController.swift; sourceTree = "<group>"; };
		DB0756F229009CA00001A85F /* SpriteCollectionViewCell.swift */ = {isa = PBXFileReference; lastKnownFileType = sourcecode.swift; path = SpriteCollectionViewCell.swift; sourceTree = "<group>"; };
		DB84195D2911C08F005E2F9A /* Pokedex.xcdatamodel */ = {isa = PBXFileReference; lastKnownFileType = wrapper.xcdatamodel; path = Pokedex.xcdatamodel; sourceTree = "<group>"; };
		DB8419652911D710005E2F9A /* PersistentContainer+Extensions.swift */ = {isa = PBXFileReference; lastKnownFileType = sourcecode.swift; path = "PersistentContainer+Extensions.swift"; sourceTree = "<group>"; };
		DBEC473428ECD8E2000732AE /* Pokedex.app */ = {isa = PBXFileReference; explicitFileType = wrapper.application; includeInIndex = 0; path = Pokedex.app; sourceTree = BUILT_PRODUCTS_DIR; };
		DBEC473728ECD8E2000732AE /* AppDelegate.swift */ = {isa = PBXFileReference; lastKnownFileType = sourcecode.swift; path = AppDelegate.swift; sourceTree = "<group>"; };
		DBEC473928ECD8E2000732AE /* SceneDelegate.swift */ = {isa = PBXFileReference; lastKnownFileType = sourcecode.swift; path = SceneDelegate.swift; sourceTree = "<group>"; };
		DBEC473E28ECD8E2000732AE /* Base */ = {isa = PBXFileReference; lastKnownFileType = file.storyboard; name = Base; path = Base.lproj/Main.storyboard; sourceTree = "<group>"; };
		DBEC474028ECD8E3000732AE /* Assets.xcassets */ = {isa = PBXFileReference; lastKnownFileType = folder.assetcatalog; path = Assets.xcassets; sourceTree = "<group>"; };
		DBEC474328ECD8E3000732AE /* Base */ = {isa = PBXFileReference; lastKnownFileType = file.storyboard; name = Base; path = Base.lproj/LaunchScreen.storyboard; sourceTree = "<group>"; };
		DBEC474528ECD8E3000732AE /* Info.plist */ = {isa = PBXFileReference; lastKnownFileType = text.plist.xml; path = Info.plist; sourceTree = "<group>"; };
		DBEC474B28ECD9F6000732AE /* PokedexTableViewController.swift */ = {isa = PBXFileReference; lastKnownFileType = sourcecode.swift; path = PokedexTableViewController.swift; sourceTree = "<group>"; };
		DBEC474D28ECDA58000732AE /* Pokemon.swift */ = {isa = PBXFileReference; lastKnownFileType = sourcecode.swift; path = Pokemon.swift; sourceTree = "<group>"; };
		DBEC474F28ECDC8C000732AE /* PokeAPI_Helper.swift */ = {isa = PBXFileReference; lastKnownFileType = sourcecode.swift; path = PokeAPI_Helper.swift; sourceTree = "<group>"; };
		DBEC477528F60C03000732AE /* PokemonTableViewCell.swift */ = {isa = PBXFileReference; lastKnownFileType = sourcecode.swift; path = PokemonTableViewCell.swift; sourceTree = "<group>"; };
		DBEC477728F61F15000732AE /* PokemonDetailedViewController.swift */ = {isa = PBXFileReference; lastKnownFileType = sourcecode.swift; path = PokemonDetailedViewController.swift; sourceTree = "<group>"; };
/* End PBXFileReference section */

/* Begin PBXFrameworksBuildPhase section */
		DBEC473128ECD8E2000732AE /* Frameworks */ = {
			isa = PBXFrameworksBuildPhase;
			buildActionMask = 2147483647;
			files = (
			);
			runOnlyForDeploymentPostprocessing = 0;
		};
/* End PBXFrameworksBuildPhase section */

/* Begin PBXGroup section */
		DBEC472B28ECD8E2000732AE = {
			isa = PBXGroup;
			children = (
				DBEC473628ECD8E2000732AE /* Pokedex */,
				DBEC473528ECD8E2000732AE /* Products */,
			);
			sourceTree = "<group>";
		};
		DBEC473528ECD8E2000732AE /* Products */ = {
			isa = PBXGroup;
			children = (
				DBEC473428ECD8E2000732AE /* Pokedex.app */,
			);
			name = Products;
			sourceTree = "<group>";
		};
		DBEC473628ECD8E2000732AE /* Pokedex */ = {
			isa = PBXGroup;
			children = (
				DBEC473728ECD8E2000732AE /* AppDelegate.swift */,
				DBEC473928ECD8E2000732AE /* SceneDelegate.swift */,
				DBEC474B28ECD9F6000732AE /* PokedexTableViewController.swift */,
				DBEC474D28ECDA58000732AE /* Pokemon.swift */,
				DBEC474F28ECDC8C000732AE /* PokeAPI_Helper.swift */,
				DBEC477528F60C03000732AE /* PokemonTableViewCell.swift */,
				DBEC477728F61F15000732AE /* PokemonDetailedViewController.swift */,
				DB0756F0290094F40001A85F /* SpriteCollectionViewController.swift */,
				DB0756F229009CA00001A85F /* SpriteCollectionViewCell.swift */,
				DB8419652911D710005E2F9A /* PersistentContainer+Extensions.swift */,
				DBEC473D28ECD8E2000732AE /* Main.storyboard */,
				DBEC474028ECD8E3000732AE /* Assets.xcassets */,
				DBEC474228ECD8E3000732AE /* LaunchScreen.storyboard */,
				DBEC474528ECD8E3000732AE /* Info.plist */,
				DB84195C2911C08F005E2F9A /* Pokedex.xcdatamodeld */,
			);
			path = Pokedex;
			sourceTree = "<group>";
		};
/* End PBXGroup section */

/* Begin PBXNativeTarget section */
		DBEC473328ECD8E2000732AE /* Pokedex */ = {
			isa = PBXNativeTarget;
			buildConfigurationList = DBEC474828ECD8E3000732AE /* Build configuration list for PBXNativeTarget "Pokedex" */;
			buildPhases = (
				DBEC473028ECD8E2000732AE /* Sources */,
				DBEC473128ECD8E2000732AE /* Frameworks */,
				DBEC473228ECD8E2000732AE /* Resources */,
			);
			buildRules = (
			);
			dependencies = (
			);
			name = Pokedex;
			productName = Pokedex;
			productReference = DBEC473428ECD8E2000732AE /* Pokedex.app */;
			productType = "com.apple.product-type.application";
		};
/* End PBXNativeTarget section */

/* Begin PBXProject section */
		DBEC472C28ECD8E2000732AE /* Project object */ = {
			isa = PBXProject;
			attributes = {
				BuildIndependentTargetsInParallel = 1;
				LastSwiftUpdateCheck = 1400;
				LastUpgradeCheck = 1400;
				TargetAttributes = {
					DBEC473328ECD8E2000732AE = {
						CreatedOnToolsVersion = 14.0.1;
					};
				};
			};
			buildConfigurationList = DBEC472F28ECD8E2000732AE /* Build configuration list for PBXProject "Pokedex" */;
			compatibilityVersion = "Xcode 14.0";
			developmentRegion = en;
			hasScannedForEncodings = 0;
			knownRegions = (
				en,
				Base,
			);
			mainGroup = DBEC472B28ECD8E2000732AE;
			productRefGroup = DBEC473528ECD8E2000732AE /* Products */;
			projectDirPath = "";
			projectRoot = "";
			targets = (
				DBEC473328ECD8E2000732AE /* Pokedex */,
			);
		};
/* End PBXProject section */

/* Begin PBXResourcesBuildPhase section */
		DBEC473228ECD8E2000732AE /* Resources */ = {
			isa = PBXResourcesBuildPhase;
			buildActionMask = 2147483647;
			files = (
				DBEC474428ECD8E3000732AE /* LaunchScreen.storyboard in Resources */,
				DBEC474128ECD8E3000732AE /* Assets.xcassets in Resources */,
				DBEC473F28ECD8E2000732AE /* Main.storyboard in Resources */,
			);
			runOnlyForDeploymentPostprocessing = 0;
		};
/* End PBXResourcesBuildPhase section */

/* Begin PBXSourcesBuildPhase section */
		DBEC473028ECD8E2000732AE /* Sources */ = {
			isa = PBXSourcesBuildPhase;
			buildActionMask = 2147483647;
			files = (
				DBEC474C28ECD9F6000732AE /* PokedexTableViewController.swift in Sources */,
				DB0756F1290094F40001A85F /* SpriteCollectionViewController.swift in Sources */,
				DBEC474E28ECDA58000732AE /* Pokemon.swift in Sources */,
				DBEC473828ECD8E2000732AE /* AppDelegate.swift in Sources */,
				DBEC477628F60C03000732AE /* PokemonTableViewCell.swift in Sources */,
				DBEC475028ECDC8C000732AE /* PokeAPI_Helper.swift in Sources */,
				DB8419662911D710005E2F9A /* PersistentContainer+Extensions.swift in Sources */,
				DB84195E2911C08F005E2F9A /* Pokedex.xcdatamodeld in Sources */,
				DB0756F329009CA00001A85F /* SpriteCollectionViewCell.swift in Sources */,
				DBEC477828F61F15000732AE /* PokemonDetailedViewController.swift in Sources */,
				DBEC473A28ECD8E2000732AE /* SceneDelegate.swift in Sources */,
			);
			runOnlyForDeploymentPostprocessing = 0;
		};
/* End PBXSourcesBuildPhase section */

/* Begin PBXVariantGroup section */
		DBEC473D28ECD8E2000732AE /* Main.storyboard */ = {
			isa = PBXVariantGroup;
			children = (
				DBEC473E28ECD8E2000732AE /* Base */,
			);
			name = Main.storyboard;
			sourceTree = "<group>";
		};
		DBEC474228ECD8E3000732AE /* LaunchScreen.storyboard */ = {
			isa = PBXVariantGroup;
			children = (
				DBEC474328ECD8E3000732AE /* Base */,
			);
			name = LaunchScreen.storyboard;
			sourceTree = "<group>";
		};
/* End PBXVariantGroup section */

/* Begin XCBuildConfiguration section */
		DBEC474628ECD8E3000732AE /* Debug */ = {
			isa = XCBuildConfiguration;
			buildSettings = {
				ALWAYS_SEARCH_USER_PATHS = NO;
				CLANG_ANALYZER_NONNULL = YES;
				CLANG_ANALYZER_NUMBER_OBJECT_CONVERSION = YES_AGGRESSIVE;
				CLANG_CXX_LANGUAGE_STANDARD = "gnu++20";
				CLANG_ENABLE_MODULES = YES;
				CLANG_ENABLE_OBJC_ARC = YES;
				CLANG_ENABLE_OBJC_WEAK = YES;
				CLANG_WARN_BLOCK_CAPTURE_AUTORELEASING = YES;
				CLANG_WARN_BOOL_CONVERSION = YES;
				CLANG_WARN_COMMA = YES;
				CLANG_WARN_CONSTANT_CONVERSION = YES;
				CLANG_WARN_DEPRECATED_OBJC_IMPLEMENTATIONS = YES;
				CLANG_WARN_DIRECT_OBJC_ISA_USAGE = YES_ERROR;
				CLANG_WARN_DOCUMENTATION_COMMENTS = YES;
				CLANG_WARN_EMPTY_BODY = YES;
				CLANG_WARN_ENUM_CONVERSION = YES;
				CLANG_WARN_INFINITE_RECURSION = YES;
				CLANG_WARN_INT_CONVERSION = YES;
				CLANG_WARN_NON_LITERAL_NULL_CONVERSION = YES;
				CLANG_WARN_OBJC_IMPLICIT_RETAIN_SELF = YES;
				CLANG_WARN_OBJC_LITERAL_CONVERSION = YES;
				CLANG_WARN_OBJC_ROOT_CLASS = YES_ERROR;
				CLANG_WARN_QUOTED_INCLUDE_IN_FRAMEWORK_HEADER = YES;
				CLANG_WARN_RANGE_LOOP_ANALYSIS = YES;
				CLANG_WARN_STRICT_PROTOTYPES = YES;
				CLANG_WARN_SUSPICIOUS_MOVE = YES;
				CLANG_WARN_UNGUARDED_AVAILABILITY = YES_AGGRESSIVE;
				CLANG_WARN_UNREACHABLE_CODE = YES;
				CLANG_WARN__DUPLICATE_METHOD_MATCH = YES;
				COPY_PHASE_STRIP = NO;
				DEBUG_INFORMATION_FORMAT = dwarf;
				ENABLE_STRICT_OBJC_MSGSEND = YES;
				ENABLE_TESTABILITY = YES;
				GCC_C_LANGUAGE_STANDARD = gnu11;
				GCC_DYNAMIC_NO_PIC = NO;
				GCC_NO_COMMON_BLOCKS = YES;
				GCC_OPTIMIZATION_LEVEL = 0;
				GCC_PREPROCESSOR_DEFINITIONS = (
					"DEBUG=1",
					"$(inherited)",
				);
				GCC_WARN_64_TO_32_BIT_CONVERSION = YES;
				GCC_WARN_ABOUT_RETURN_TYPE = YES_ERROR;
				GCC_WARN_UNDECLARED_SELECTOR = YES;
				GCC_WARN_UNINITIALIZED_AUTOS = YES_AGGRESSIVE;
				GCC_WARN_UNUSED_FUNCTION = YES;
				GCC_WARN_UNUSED_VARIABLE = YES;
				IPHONEOS_DEPLOYMENT_TARGET = 16.0;
				MTL_ENABLE_DEBUG_INFO = INCLUDE_SOURCE;
				MTL_FAST_MATH = YES;
				ONLY_ACTIVE_ARCH = YES;
				SDKROOT = iphoneos;
				SWIFT_ACTIVE_COMPILATION_CONDITIONS = DEBUG;
				SWIFT_OPTIMIZATION_LEVEL = "-Onone";
			};
			name = Debug;
		};
		DBEC474728ECD8E3000732AE /* Release */ = {
			isa = XCBuildConfiguration;
			buildSettings = {
				ALWAYS_SEARCH_USER_PATHS = NO;
				CLANG_ANALYZER_NONNULL = YES;
				CLANG_ANALYZER_NUMBER_OBJECT_CONVERSION = YES_AGGRESSIVE;
				CLANG_CXX_LANGUAGE_STANDARD = "gnu++20";
				CLANG_ENABLE_MODULES = YES;
				CLANG_ENABLE_OBJC_ARC = YES;
				CLANG_ENABLE_OBJC_WEAK = YES;
				CLANG_WARN_BLOCK_CAPTURE_AUTORELEASING = YES;
				CLANG_WARN_BOOL_CONVERSION = YES;
				CLANG_WARN_COMMA = YES;
				CLANG_WARN_CONSTANT_CONVERSION = YES;
				CLANG_WARN_DEPRECATED_OBJC_IMPLEMENTATIONS = YES;
				CLANG_WARN_DIRECT_OBJC_ISA_USAGE = YES_ERROR;
				CLANG_WARN_DOCUMENTATION_COMMENTS = YES;
				CLANG_WARN_EMPTY_BODY = YES;
				CLANG_WARN_ENUM_CONVERSION = YES;
				CLANG_WARN_INFINITE_RECURSION = YES;
				CLANG_WARN_INT_CONVERSION = YES;
				CLANG_WARN_NON_LITERAL_NULL_CONVERSION = YES;
				CLANG_WARN_OBJC_IMPLICIT_RETAIN_SELF = YES;
				CLANG_WARN_OBJC_LITERAL_CONVERSION = YES;
				CLANG_WARN_OBJC_ROOT_CLASS = YES_ERROR;
				CLANG_WARN_QUOTED_INCLUDE_IN_FRAMEWORK_HEADER = YES;
				CLANG_WARN_RANGE_LOOP_ANALYSIS = YES;
				CLANG_WARN_STRICT_PROTOTYPES = YES;
				CLANG_WARN_SUSPICIOUS_MOVE = YES;
				CLANG_WARN_UNGUARDED_AVAILABILITY = YES_AGGRESSIVE;
				CLANG_WARN_UNREACHABLE_CODE = YES;
				CLANG_WARN__DUPLICATE_METHOD_MATCH = YES;
				COPY_PHASE_STRIP = NO;
				DEBUG_INFORMATION_FORMAT = "dwarf-with-dsym";
				ENABLE_NS_ASSERTIONS = NO;
				ENABLE_STRICT_OBJC_MSGSEND = YES;
				GCC_C_LANGUAGE_STANDARD = gnu11;
				GCC_NO_COMMON_BLOCKS = YES;
				GCC_WARN_64_TO_32_BIT_CONVERSION = YES;
				GCC_WARN_ABOUT_RETURN_TYPE = YES_ERROR;
				GCC_WARN_UNDECLARED_SELECTOR = YES;
				GCC_WARN_UNINITIALIZED_AUTOS = YES_AGGRESSIVE;
				GCC_WARN_UNUSED_FUNCTION = YES;
				GCC_WARN_UNUSED_VARIABLE = YES;
				IPHONEOS_DEPLOYMENT_TARGET = 16.0;
				MTL_ENABLE_DEBUG_INFO = NO;
				MTL_FAST_MATH = YES;
				SDKROOT = iphoneos;
				SWIFT_COMPILATION_MODE = wholemodule;
				SWIFT_OPTIMIZATION_LEVEL = "-O";
				VALIDATE_PRODUCT = YES;
			};
			name = Release;
		};
		DBEC474928ECD8E3000732AE /* Debug */ = {
			isa = XCBuildConfiguration;
			buildSettings = {
				ASSETCATALOG_COMPILER_APPICON_NAME = AppIcon;
				ASSETCATALOG_COMPILER_GLOBAL_ACCENT_COLOR_NAME = AccentColor;
				CODE_SIGN_STYLE = Automatic;
				CURRENT_PROJECT_VERSION = 1;
				GENERATE_INFOPLIST_FILE = YES;
				INFOPLIST_FILE = Pokedex/Info.plist;
				INFOPLIST_KEY_UIApplicationSupportsIndirectInputEvents = YES;
				INFOPLIST_KEY_UILaunchStoryboardName = LaunchScreen;
				INFOPLIST_KEY_UIMainStoryboardFile = Main;
				INFOPLIST_KEY_UISupportedInterfaceOrientations_iPad = "UIInterfaceOrientationPortrait UIInterfaceOrientationPortraitUpsideDown UIInterfaceOrientationLandscapeLeft UIInterfaceOrientationLandscapeRight";
				INFOPLIST_KEY_UISupportedInterfaceOrientations_iPhone = "UIInterfaceOrientationPortrait UIInterfaceOrientationLandscapeLeft UIInterfaceOrientationLandscapeRight";
				LD_RUNPATH_SEARCH_PATHS = (
					"$(inherited)",
					"@executable_path/Frameworks",
				);
				MARKETING_VERSION = 1.0;
				PRODUCT_BUNDLE_IDENTIFIER = jv658.Pokedex;
				PRODUCT_NAME = "$(TARGET_NAME)";
				SWIFT_EMIT_LOC_STRINGS = YES;
				SWIFT_VERSION = 5.0;
				TARGETED_DEVICE_FAMILY = "1,2";
			};
			name = Debug;
		};
		DBEC474A28ECD8E3000732AE /* Release */ = {
			isa = XCBuildConfiguration;
			buildSettings = {
				ASSETCATALOG_COMPILER_APPICON_NAME = AppIcon;
				ASSETCATALOG_COMPILER_GLOBAL_ACCENT_COLOR_NAME = AccentColor;
				CODE_SIGN_STYLE = Automatic;
				CURRENT_PROJECT_VERSION = 1;
				GENERATE_INFOPLIST_FILE = YES;
				INFOPLIST_FILE = Pokedex/Info.plist;
				INFOPLIST_KEY_UIApplicationSupportsIndirectInputEvents = YES;
				INFOPLIST_KEY_UILaunchStoryboardName = LaunchScreen;
				INFOPLIST_KEY_UIMainStoryboardFile = Main;
				INFOPLIST_KEY_UISupportedInterfaceOrientations_iPad = "UIInterfaceOrientationPortrait UIInterfaceOrientationPortraitUpsideDown UIInterfaceOrientationLandscapeLeft UIInterfaceOrientationLandscapeRight";
				INFOPLIST_KEY_UISupportedInterfaceOrientations_iPhone = "UIInterfaceOrientationPortrait UIInterfaceOrientationLandscapeLeft UIInterfaceOrientationLandscapeRight";
				LD_RUNPATH_SEARCH_PATHS = (
					"$(inherited)",
					"@executable_path/Frameworks",
				);
				MARKETING_VERSION = 1.0;
				PRODUCT_BUNDLE_IDENTIFIER = jv658.Pokedex;
				PRODUCT_NAME = "$(TARGET_NAME)";
				SWIFT_EMIT_LOC_STRINGS = YES;
				SWIFT_VERSION = 5.0;
				TARGETED_DEVICE_FAMILY = "1,2";
			};
			name = Release;
		};
/* End XCBuildConfiguration section */

/* Begin XCConfigurationList section */
		DBEC472F28ECD8E2000732AE /* Build configuration list for PBXProject "Pokedex" */ = {
			isa = XCConfigurationList;
			buildConfigurations = (
				DBEC474628ECD8E3000732AE /* Debug */,
				DBEC474728ECD8E3000732AE /* Release */,
			);
			defaultConfigurationIsVisible = 0;
			defaultConfigurationName = Release;
		};
		DBEC474828ECD8E3000732AE /* Build configuration list for PBXNativeTarget "Pokedex" */ = {
			isa = XCConfigurationList;
			buildConfigurations = (
				DBEC474928ECD8E3000732AE /* Debug */,
				DBEC474A28ECD8E3000732AE /* Release */,
			);
			defaultConfigurationIsVisible = 0;
			defaultConfigurationName = Release;
		};
/* End XCConfigurationList section */

/* Begin XCVersionGroup section */
		DB84195C2911C08F005E2F9A /* Pokedex.xcdatamodeld */ = {
			isa = XCVersionGroup;
			children = (
				DB84195D2911C08F005E2F9A /* Pokedex.xcdatamodel */,
			);
			currentVersion = DB84195D2911C08F005E2F9A /* Pokedex.xcdatamodel */;
			path = Pokedex.xcdatamodeld;
			sourceTree = "<group>";
			versionGroupType = wrapper.xcdatamodel;
		};
/* End XCVersionGroup section */
	};
	rootObject = DBEC472C28ECD8E2000732AE /* Project object */;
}
